
Microsoft Visual Studio Solution File, Format Version 12.00
# Visual Studio Version 17
VisualStudioVersion = 17.4.33205.214
MinimumVisualStudioVersion = 10.0.40219.1
Project("{FAE04EC0-301F-11D3-BF4B-00C04F79EFBC}") = "coursework_SQL", "coursework_SQL\coursework_SQL.csproj", "{C39B6670-E8F6-4B64-A654-646251A8374F}"
EndProject
Global
	GlobalSection(SolutionConfigurationPlatforms) = preSolution
		Debug|Any CPU = Debug|Any CPU
		Release|Any CPU = Release|Any CPU
	EndGlobalSection
	GlobalSection(ProjectConfigurationPlatforms) = postSolution
		{C39B6670-E8F6-4B64-A654-646251A8374F}.Debug|Any CPU.ActiveCfg = Debug|Any CPU
		{C39B6670-E8F6-4B64-A654-646251A8374F}.Debug|Any CPU.Build.0 = Debug|Any CPU
		{C39B6670-E8F6-4B64-A654-646251A8374F}.Release|Any CPU.ActiveCfg = Release|Any CPU
		{C39B6670-E8F6-4B64-A654-646251A8374F}.Release|Any CPU.Build.0 = Release|Any CPU
	EndGlobalSection
	GlobalSection(SolutionProperties) = preSolution
		HideSolutionNode = FALSE
	EndGlobalSection
	GlobalSection(ExtensibilityGlobals) = postSolution
		SolutionGuid = {E03FC016-50D1-4883-9E14-B2AC8BD8EFCB}
	EndGlobalSection
EndGlobal
